{"is_source_file": false, "format": "", "description": "", "external_files": [], "external_methods": [], "published": [], "classes": [], "methods": [], "calls": [], "search-terms": [], "state": 2, "file_id": 20, "knowledge_revision": 39, "git_revision": "57bb5b6ec2e12fe613d5f84ead6ed62485b99463", "hash": "9c4ed7ef73e22b872b8055bec08b8979", "format-version": 4, "code-base-name": "default", "filename": "noteease/post_process_status.lock", "revision_history": [{"39": "57bb5b6ec2e12fe613d5f84ead6ed62485b99463"}]}